# This file is @generated by PDM.
# It is not intended for manual editing.

[metadata]
groups = ["default"]
strategy = ["inherit_metadata"]
lock_version = "4.5.0"
content_hash = "sha256:edd2a6b140b16a02b2dbdcedc8a9575e6b356379a8c22c5d2c91576e5e667f7b"

[[metadata.targets]]
requires_python = ">=3.10"
